
Microsoft Visual Studio Solution File, Format Version 12.00
# Visual Studio 15
VisualStudioVersion = 15.0.27130.2027
MinimumVisualStudioVersion = 10.0.40219.1
Project("{FAE04EC0-301F-11D3-BF4B-00C04F79EFBC}") = "EvolveLiker", "EvolveLiker\EvolveLiker.csproj", "{DB3F2088-73A5-411C-B0E4-A12940F3B199}"
EndProject
Global
	GlobalSection(SolutionConfigurationPlatforms) = preSolution
		Debug|Any CPU = Debug|Any CPU
		Release|Any CPU = Release|Any CPU
	EndGlobalSection
	GlobalSection(ProjectConfigurationPlatforms) = postSolution
		{DB3F2088-73A5-411C-B0E4-A12940F3B199}.Debug|Any CPU.ActiveCfg = Debug|Any CPU
		{DB3F2088-73A5-411C-B0E4-A12940F3B199}.Debug|Any CPU.Build.0 = Debug|Any CPU
		{DB3F2088-73A5-411C-B0E4-A12940F3B199}.Release|Any CPU.ActiveCfg = Release|Any CPU
		{DB3F2088-73A5-411C-B0E4-A12940F3B199}.Release|Any CPU.Build.0 = Release|Any CPU
	EndGlobalSection
	GlobalSection(SolutionProperties) = preSolution
		HideSolutionNode = FALSE
	EndGlobalSection
	GlobalSection(ExtensibilityGlobals) = postSolution
		SolutionGuid = {4FC56475-2847-4D14-B122-420AC3ED0FBF}
	EndGlobalSection
EndGlobal
